
Microsoft Visual Studio Solution File, Format Version 12.00
# Visual Studio Version 17
VisualStudioVersion = 17.14.37027.9
MinimumVisualStudioVersion = 10.0.40219.1
Project("{FAE04EC0-301F-11D3-BF4B-00C04F79EFBC}") = "KalkulatorDLL", "KalkulatorDLL\KalkulatorDLL.csproj", "{2F86E650-30C5-4833-83DA-4AF644A65B42}"
EndProject
Project("{FAE04EC0-301F-11D3-BF4B-00C04F79EFBC}") = "AplikacjaKalkulator", "AplikacjaKalkulator\AplikacjaKalkulator.csproj", "{2A3F56BB-D47A-4FA3-9D63-875FA3AF165E}"
EndProject
Global
	GlobalSection(SolutionConfigurationPlatforms) = preSolution
		Debug|Any CPU = Debug|Any CPU
		Release|Any CPU = Release|Any CPU
	EndGlobalSection
	GlobalSection(ProjectConfigurationPlatforms) = postSolution
		{2F86E650-30C5-4833-83DA-4AF644A65B42}.Debug|Any CPU.ActiveCfg = Debug|Any CPU
		{2F86E650-30C5-4833-83DA-4AF644A65B42}.Debug|Any CPU.Build.0 = Debug|Any CPU
		{2F86E650-30C5-4833-83DA-4AF644A65B42}.Release|Any CPU.ActiveCfg = Release|Any CPU
		{2F86E650-30C5-4833-83DA-4AF644A65B42}.Release|Any CPU.Build.0 = Release|Any CPU
		{2A3F56BB-D47A-4FA3-9D63-875FA3AF165E}.Debug|Any CPU.ActiveCfg = Debug|Any CPU
		{2A3F56BB-D47A-4FA3-9D63-875FA3AF165E}.Debug|Any CPU.Build.0 = Debug|Any CPU
		{2A3F56BB-D47A-4FA3-9D63-875FA3AF165E}.Release|Any CPU.ActiveCfg = Release|Any CPU
		{2A3F56BB-D47A-4FA3-9D63-875FA3AF165E}.Release|Any CPU.Build.0 = Release|Any CPU
	EndGlobalSection
	GlobalSection(SolutionProperties) = preSolution
		HideSolutionNode = FALSE
	EndGlobalSection
	GlobalSection(ExtensibilityGlobals) = postSolution
		SolutionGuid = {23B6877E-4CD9-4601-82C6-9F2919F2C160}
	EndGlobalSection
EndGlobal
